
Microsoft Visual Studio Solution File, Format Version 12.00
# Visual Studio Version 17
VisualStudioVersion = 17.5.002.0
MinimumVisualStudioVersion = 10.0.40219.1
Project("{2150E333-8FDC-42A3-9474-1A3956D46DE8}") = "csharp-prep", "csharp-prep", "{0EAAA987-38C2-49C7-8219-5CB7DD543C68}"
EndProject
Project("{9A19103F-16F7-4668-BE54-9A1E7A4F7556}") = "Prep1", "csharp-prep\Prep1\Prep1.csproj", "{26A631F6-FF43-42E7-8446-D94F2E496ABC}"
EndProject
Project("{9A19103F-16F7-4668-BE54-9A1E7A4F7556}") = "Prep2", "csharp-prep\Prep2\Prep2.csproj", "{DD1B8A84-2D24-43BC-9C2C-1001FBE8D4C3}"
EndProject
Project("{9A19103F-16F7-4668-BE54-9A1E7A4F7556}") = "Prep3", "csharp-prep\Prep3\Prep3.csproj", "{21ADC78A-283F-41E4-9A73-A8CC2A3E6DC7}"
EndProject
Project("{9A19103F-16F7-4668-BE54-9A1E7A4F7556}") = "Prep4", "csharp-prep\Prep4\Prep4.csproj", "{5A576BC8-8412-4395-9099-3C150D8F6A41}"
EndProject
Project("{9A19103F-16F7-4668-BE54-9A1E7A4F7556}") = "Prep5", "csharp-prep\Prep5\Prep5.csproj", "{4E9D8851-4C61-430B-9668-02890D01E3A8}"
EndProject
Project("{2150E333-8FDC-42A3-9474-1A3956D46DE8}") = "final", "final", "{9AEFB816-810A-486F-9DF7-DB7944CF0B0F}"
EndProject
Project("{9A19103F-16F7-4668-BE54-9A1E7A4F7556}") = "FinalProject", "final\FinalProject\FinalProject.csproj", "{00B2DD19-19C7-4CBA-BA1E-843863CB4142}"
EndProject
Project("{9A19103F-16F7-4668-BE54-9A1E7A4F7556}") = "Foundation1", "final\Foundation1\Foundation1.csproj", "{73FFA622-5B14-43B6-9527-749DE2001EFB}"
EndProject
Project("{9A19103F-16F7-4668-BE54-9A1E7A4F7556}") = "Foundation2", "final\Foundation2\Foundation2.csproj", "{7458B731-E375-4957-BFEC-9BC98DD80DA4}"
EndProject
Project("{9A19103F-16F7-4668-BE54-9A1E7A4F7556}") = "Foundation3", "final\Foundation3\Foundation3.csproj", "{882CE400-BF97-4F2B-BA48-48BD6B178AA8}"
EndProject
Project("{9A19103F-16F7-4668-BE54-9A1E7A4F7556}") = "Foundation4", "final\Foundation4\Foundation4.csproj", "{CFC7EDB3-5106-4F18-AA72-281EE0A113DF}"
EndProject
Project("{2150E333-8FDC-42A3-9474-1A3956D46DE8}") = "prepare", "prepare", "{825A72FD-0333-41F8-B7AE-3A10B7CB8547}"
EndProject
Project("{9A19103F-16F7-4668-BE54-9A1E7A4F7556}") = "Learning02", "prepare\Learning02\Learning02.csproj", "{35F96970-84B9-4C3D-859B-E4BDDD4D9439}"
EndProject
Project("{9A19103F-16F7-4668-BE54-9A1E7A4F7556}") = "Learning03", "prepare\Learning03\Learning03.csproj", "{B5BAD9DF-39FA-4065-971C-A388FEDAECE2}"
EndProject
Project("{9A19103F-16F7-4668-BE54-9A1E7A4F7556}") = "Learning04", "prepare\Learning04\Learning04.csproj", "{4E7F5FBA-5FFA-4904-B8A5-1A59901D8644}"
EndProject
Project("{9A19103F-16F7-4668-BE54-9A1E7A4F7556}") = "Learning05", "prepare\Learning05\Learning05.csproj", "{671CBD77-B579-44B5-8E5C-BE4A303AD8D5}"
EndProject
Project("{2150E333-8FDC-42A3-9474-1A3956D46DE8}") = "prove", "prove", "{A68D0C87-5945-43EA-87A2-1110BAD1AAE6}"
EndProject
Project("{9A19103F-16F7-4668-BE54-9A1E7A4F7556}") = "Develop02", "prove\Develop02\Develop02.csproj", "{0347E987-B1BD-4B5C-9EA1-B579F486F717}"
EndProject
Project("{9A19103F-16F7-4668-BE54-9A1E7A4F7556}") = "Develop03", "prove\Develop03\Develop03.csproj", "{B3DF1BE8-A99C-4313-BFAE-8CB9A4A196AC}"
EndProject
Project("{9A19103F-16F7-4668-BE54-9A1E7A4F7556}") = "Develop04", "prove\Develop04\Develop04.csproj", "{3957F03A-FBB2-4DED-916D-EBFFD967E6C1}"
EndProject
Project("{9A19103F-16F7-4668-BE54-9A1E7A4F7556}") = "Develop05", "prove\Develop05\Develop05.csproj", "{66DED42E-54F6-4762-9401-6CF2C3996ED2}"
EndProject
Project("{2150E333-8FDC-42A3-9474-1A3956D46DE8}") = "sandbox", "sandbox", "{D8DFD001-594C-41B1-B831-2EB3DD6361FD}"
EndProject
Project("{9A19103F-16F7-4668-BE54-9A1E7A4F7556}") = "Sandbox", "sandbox\Sandbox\Sandbox.csproj", "{906228DE-D9E5-47CD-9C82-71E266D631BE}"
EndProject
Global
	GlobalSection(SolutionConfigurationPlatforms) = preSolution
		Debug|Any CPU = Debug|Any CPU
		Release|Any CPU = Release|Any CPU
	EndGlobalSection
	GlobalSection(ProjectConfigurationPlatforms) = postSolution
		{26A631F6-FF43-42E7-8446-D94F2E496ABC}.Debug|Any CPU.ActiveCfg = Debug|Any CPU
		{26A631F6-FF43-42E7-8446-D94F2E496ABC}.Debug|Any CPU.Build.0 = Debug|Any CPU
		{26A631F6-FF43-42E7-8446-D94F2E496ABC}.Release|Any CPU.ActiveCfg = Release|Any CPU
		{26A631F6-FF43-42E7-8446-D94F2E496ABC}.Release|Any CPU.Build.0 = Release|Any CPU
		{DD1B8A84-2D24-43BC-9C2C-1001FBE8D4C3}.Debug|Any CPU.ActiveCfg = Debug|Any CPU
		{DD1B8A84-2D24-43BC-9C2C-1001FBE8D4C3}.Debug|Any CPU.Build.0 = Debug|Any CPU
		{DD1B8A84-2D24-43BC-9C2C-1001FBE8D4C3}.Release|Any CPU.ActiveCfg = Release|Any CPU
		{DD1B8A84-2D24-43BC-9C2C-1001FBE8D4C3}.Release|Any CPU.Build.0 = Release|Any CPU
		{21ADC78A-283F-41E4-9A73-A8CC2A3E6DC7}.Debug|Any CPU.ActiveCfg = Debug|Any CPU
		{21ADC78A-283F-41E4-9A73-A8CC2A3E6DC7}.Debug|Any CPU.Build.0 = Debug|Any CPU
		{21ADC78A-283F-41E4-9A73-A8CC2A3E6DC7}.Release|Any CPU.ActiveCfg = Release|Any CPU
		{21ADC78A-283F-41E4-9A73-A8CC2A3E6DC7}.Release|Any CPU.Build.0 = Release|Any CPU
		{5A576BC8-8412-4395-9099-3C150D8F6A41}.Debug|Any CPU.ActiveCfg = Debug|Any CPU
		{5A576BC8-8412-4395-9099-3C150D8F6A41}.Debug|Any CPU.Build.0 = Debug|Any CPU
		{5A576BC8-8412-4395-9099-3C150D8F6A41}.Release|Any CPU.ActiveCfg = Release|Any CPU
		{5A576BC8-8412-4395-9099-3C150D8F6A41}.Release|Any CPU.Build.0 = Release|Any CPU
		{4E9D8851-4C61-430B-9668-02890D01E3A8}.Debug|Any CPU.ActiveCfg = Debug|Any CPU
		{4E9D8851-4C61-430B-9668-02890D01E3A8}.Debug|Any CPU.Build.0 = Debug|Any CPU
		{4E9D8851-4C61-430B-9668-02890D01E3A8}.Release|Any CPU.ActiveCfg = Release|Any CPU
		{4E9D8851-4C61-430B-9668-02890D01E3A8}.Release|Any CPU.Build.0 = Release|Any CPU
		{00B2DD19-19C7-4CBA-BA1E-843863CB4142}.Debug|Any CPU.ActiveCfg = Debug|Any CPU
		{00B2DD19-19C7-4CBA-BA1E-843863CB4142}.Debug|Any CPU.Build.0 = Debug|Any CPU
		{00B2DD19-19C7-4CBA-BA1E-843863CB4142}.Release|Any CPU.ActiveCfg = Release|Any CPU
		{00B2DD19-19C7-4CBA-BA1E-843863CB4142}.Release|Any CPU.Build.0 = Release|Any CPU
		{73FFA622-5B14-43B6-9527-749DE2001EFB}.Debug|Any CPU.ActiveCfg = Debug|Any CPU
		{73FFA622-5B14-43B6-9527-749DE2001EFB}.Debug|Any CPU.Build.0 = Debug|Any CPU
		{73FFA622-5B14-43B6-9527-749DE2001EFB}.Release|Any CPU.ActiveCfg = Release|Any CPU
		{73FFA622-5B14-43B6-9527-749DE2001EFB}.Release|Any CPU.Build.0 = Release|Any CPU
		{7458B731-E375-4957-BFEC-9BC98DD80DA4}.Debug|Any CPU.ActiveCfg = Debug|Any CPU
		{7458B731-E375-4957-BFEC-9BC98DD80DA4}.Debug|Any CPU.Build.0 = Debug|Any CPU
		{7458B731-E375-4957-BFEC-9BC98DD80DA4}.Release|Any CPU.ActiveCfg = Release|Any CPU
		{7458B731-E375-4957-BFEC-9BC98DD80DA4}.Release|Any CPU.Build.0 = Release|Any CPU
		{882CE400-BF97-4F2B-BA48-48BD6B178AA8}.Debug|Any CPU.ActiveCfg = Debug|Any CPU
		{882CE400-BF97-4F2B-BA48-48BD6B178AA8}.Debug|Any CPU.Build.0 = Debug|Any CPU
		{882CE400-BF97-4F2B-BA48-48BD6B178AA8}.Release|Any CPU.ActiveCfg = Release|Any CPU
		{882CE400-BF97-4F2B-BA48-48BD6B178AA8}.Release|Any CPU.Build.0 = Release|Any CPU
		{CFC7EDB3-5106-4F18-AA72-281EE0A113DF}.Debug|Any CPU.ActiveCfg = Debug|Any CPU
		{CFC7EDB3-5106-4F18-AA72-281EE0A113DF}.Debug|Any CPU.Build.0 = Debug|Any CPU
		{CFC7EDB3-5106-4F18-AA72-281EE0A113DF}.Release|Any CPU.ActiveCfg = Release|Any CPU
		{CFC7EDB3-5106-4F18-AA72-281EE0A113DF}.Release|Any CPU.Build.0 = Release|Any CPU
		{35F96970-84B9-4C3D-859B-E4BDDD4D9439}.Debug|Any CPU.ActiveCfg = Debug|Any CPU
		{35F96970-84B9-4C3D-859B-E4BDDD4D9439}.Debug|Any CPU.Build.0 = Debug|Any CPU
		{35F96970-84B9-4C3D-859B-E4BDDD4D9439}.Release|Any CPU.ActiveCfg = Release|Any CPU
		{35F96970-84B9-4C3D-859B-E4BDDD4D9439}.Release|Any CPU.Build.0 = Release|Any CPU
		{B5BAD9DF-39FA-4065-971C-A388FEDAECE2}.Debug|Any CPU.ActiveCfg = Debug|Any CPU
		{B5BAD9DF-39FA-4065-971C-A388FEDAECE2}.Debug|Any CPU.Build.0 = Debug|Any CPU
		{B5BAD9DF-39FA-4065-971C-A388FEDAECE2}.Release|Any CPU.ActiveCfg = Release|Any CPU
		{B5BAD9DF-39FA-4065-971C-A388FEDAECE2}.Release|Any CPU.Build.0 = Release|Any CPU
		{4E7F5FBA-5FFA-4904-B8A5-1A59901D8644}.Debug|Any CPU.ActiveCfg = Debug|Any CPU
		{4E7F5FBA-5FFA-4904-B8A5-1A59901D8644}.Debug|Any CPU.Build.0 = Debug|Any CPU
		{4E7F5FBA-5FFA-4904-B8A5-1A59901D8644}.Release|Any CPU.ActiveCfg = Release|Any CPU
		{4E7F5FBA-5FFA-4904-B8A5-1A59901D8644}.Release|Any CPU.Build.0 = Release|Any CPU
		{671CBD77-B579-44B5-8E5C-BE4A303AD8D5}.Debug|Any CPU.ActiveCfg = Debug|Any CPU
		{671CBD77-B579-44B5-8E5C-BE4A303AD8D5}.Debug|Any CPU.Build.0 = Debug|Any CPU
		{671CBD77-B579-44B5-8E5C-BE4A303AD8D5}.Release|Any CPU.ActiveCfg = Release|Any CPU
		{671CBD77-B579-44B5-8E5C-BE4A303AD8D5}.Release|Any CPU.Build.0 = Release|Any CPU
		{0347E987-B1BD-4B5C-9EA1-B579F486F717}.Debug|Any CPU.ActiveCfg = Debug|Any CPU
		{0347E987-B1BD-4B5C-9EA1-B579F486F717}.Debug|Any CPU.Build.0 = Debug|Any CPU
		{0347E987-B1BD-4B5C-9EA1-B579F486F717}.Release|Any CPU.ActiveCfg = Release|Any CPU
		{0347E987-B1BD-4B5C-9EA1-B579F486F717}.Release|Any CPU.Build.0 = Release|Any CPU
		{B3DF1BE8-A99C-4313-BFAE-8CB9A4A196AC}.Debug|Any CPU.ActiveCfg = Debug|Any CPU
		{B3DF1BE8-A99C-4313-BFAE-8CB9A4A196AC}.Debug|Any CPU.Build.0 = Debug|Any CPU
		{B3DF1BE8-A99C-4313-BFAE-8CB9A4A196AC}.Release|Any CPU.ActiveCfg = Release|Any CPU
		{B3DF1BE8-A99C-4313-BFAE-8CB9A4A196AC}.Release|Any CPU.Build.0 = Release|Any CPU
		{3957F03A-FBB2-4DED-916D-EBFFD967E6C1}.Debug|Any CPU.ActiveCfg = Debug|Any CPU
		{3957F03A-FBB2-4DED-916D-EBFFD967E6C1}.Debug|Any CPU.Build.0 = Debug|Any CPU
		{3957F03A-FBB2-4DED-916D-EBFFD967E6C1}.Release|Any CPU.ActiveCfg = Release|Any CPU
		{3957F03A-FBB2-4DED-916D-EBFFD967E6C1}.Release|Any CPU.Build.0 = Release|Any CPU
		{66DED42E-54F6-4762-9401-6CF2C3996ED2}.Debug|Any CPU.ActiveCfg = Debug|Any CPU
		{66DED42E-54F6-4762-9401-6CF2C3996ED2}.Debug|Any CPU.Build.0 = Debug|Any CPU
		{66DED42E-54F6-4762-9401-6CF2C3996ED2}.Release|Any CPU.ActiveCfg = Release|Any CPU
		{66DED42E-54F6-4762-9401-6CF2C3996ED2}.Release|Any CPU.Build.0 = Release|Any CPU
		{906228DE-D9E5-47CD-9C82-71E266D631BE}.Debug|Any CPU.ActiveCfg = Debug|Any CPU
		{906228DE-D9E5-47CD-9C82-71E266D631BE}.Debug|Any CPU.Build.0 = Debug|Any CPU
		{906228DE-D9E5-47CD-9C82-71E266D631BE}.Release|Any CPU.ActiveCfg = Release|Any CPU
		{906228DE-D9E5-47CD-9C82-71E266D631BE}.Release|Any CPU.Build.0 = Release|Any CPU
	EndGlobalSection
	GlobalSection(SolutionProperties) = preSolution
		HideSolutionNode = FALSE
	EndGlobalSection
	GlobalSection(NestedProjects) = preSolution
		{26A631F6-FF43-42E7-8446-D94F2E496ABC} = {0EAAA987-38C2-49C7-8219-5CB7DD543C68}
		{DD1B8A84-2D24-43BC-9C2C-1001FBE8D4C3} = {0EAAA987-38C2-49C7-8219-5CB7DD543C68}
		{21ADC78A-283F-41E4-9A73-A8CC2A3E6DC7} = {0EAAA987-38C2-49C7-8219-5CB7DD543C68}
		{5A576BC8-8412-4395-9099-3C150D8F6A41} = {0EAAA987-38C2-49C7-8219-5CB7DD543C68}
		{4E9D8851-4C61-430B-9668-02890D01E3A8} = {0EAAA987-38C2-49C7-8219-5CB7DD543C68}
		{00B2DD19-19C7-4CBA-BA1E-843863CB4142} = {9AEFB816-810A-486F-9DF7-DB7944CF0B0F}
		{73FFA622-5B14-43B6-9527-749DE2001EFB} = {9AEFB816-810A-486F-9DF7-DB7944CF0B0F}
		{7458B731-E375-4957-BFEC-9BC98DD80DA4} = {9AEFB816-810A-486F-9DF7-DB7944CF0B0F}
		{882CE400-BF97-4F2B-BA48-48BD6B178AA8} = {9AEFB816-810A-486F-9DF7-DB7944CF0B0F}
		{CFC7EDB3-5106-4F18-AA72-281EE0A113DF} = {9AEFB816-810A-486F-9DF7-DB7944CF0B0F}
		{35F96970-84B9-4C3D-859B-E4BDDD4D9439} = {825A72FD-0333-41F8-B7AE-3A10B7CB8547}
		{B5BAD9DF-39FA-4065-971C-A388FEDAECE2} = {825A72FD-0333-41F8-B7AE-3A10B7CB8547}
		{4E7F5FBA-5FFA-4904-B8A5-1A59901D8644} = {825A72FD-0333-41F8-B7AE-3A10B7CB8547}
		{671CBD77-B579-44B5-8E5C-BE4A303AD8D5} = {825A72FD-0333-41F8-B7AE-3A10B7CB8547}
		{0347E987-B1BD-4B5C-9EA1-B579F486F717} = {A68D0C87-5945-43EA-87A2-1110BAD1AAE6}
		{B3DF1BE8-A99C-4313-BFAE-8CB9A4A196AC} = {A68D0C87-5945-43EA-87A2-1110BAD1AAE6}
		{3957F03A-FBB2-4DED-916D-EBFFD967E6C1} = {A68D0C87-5945-43EA-87A2-1110BAD1AAE6}
		{66DED42E-54F6-4762-9401-6CF2C3996ED2} = {A68D0C87-5945-43EA-87A2-1110BAD1AAE6}
		{906228DE-D9E5-47CD-9C82-71E266D631BE} = {D8DFD001-594C-41B1-B831-2EB3DD6361FD}
	EndGlobalSection
	GlobalSection(ExtensibilityGlobals) = postSolution
		SolutionGuid = {BB397CF2-B461-4AE0-AB53-9B5065775046}
	EndGlobalSection
EndGlobal
